PODS:
  - Bolts/Tasks (1.6.0)
  - Parse (1.12.0):
    - Bolts/Tasks (~> 1.5)
  - SVProgressHUD (1.1.3)
  - SVPulsingAnnotationView (HEAD based on 0.3.0)

DEPENDENCIES:
  - Parse
  - SVProgressHUD
  - SVPulsingAnnotationView (HEAD)

SPEC CHECKSUMS:
  Bolts: f52a250053bb517ca874523c3913776359ab3def
  Parse: de2c52a9a1421b91ae7594ab8ce191afd184f19b
  SVProgressHUD: 748080e4f36e603f6c02aec292664239df5279c1
  SVPulsingAnnotationView: f1a8dc7a57ebb5fa231d0ef8b0da59a250005511

COCOAPODS: 0.39.0
