// !$*UTF8*$!
{
	archiveVersion = 1;
	classes = {
	};
	objectVersion = 46;
	objects = {

/* Begin PBXBuildFile section */
		6A66D8C51B82462C46357F65 /* Pods_Capstone_Location.framework in Frameworks */ = {isa = PBXBuildFile; fileRef = 283077300F55079CEA34ED27 /* Pods_Capstone_Location.framework */; };
		A708A0FA1BF6C16900EE4E2F /* AppDelegate.swift in Sources */ = {isa = PBXBuildFile; fileRef = A708A0F91BF6C16900EE4E2F /* AppDelegate.swift */; };
		A708A0FF1BF6C16900EE4E2F /* Main.storyboard in Resources */ = {isa = PBXBuildFile; fileRef = A708A0FD1BF6C16900EE4E2F /* Main.storyboard */; };
		A708A1011BF6C16900EE4E2F /* Assets.xcassets in Resources */ = {isa = PBXBuildFile; fileRef = A708A1001BF6C16900EE4E2F /* Assets.xcassets */; };
		A708A1041BF6C16900EE4E2F /* LaunchScreen.storyboard in Resources */ = {isa = PBXBuildFile; fileRef = A708A1021BF6C16900EE4E2F /* LaunchScreen.storyboard */; };
		A708A10C1BF6C30900EE4E2F /* img-Y13162350-0001.png in Resources */ = {isa = PBXBuildFile; fileRef = A708A10B1BF6C30900EE4E2F /* img-Y13162350-0001.png */; };
		A70C9A641C655938005DB7A5 /* Arithmetic.swift in Sources */ = {isa = PBXBuildFile; fileRef = A70C9A601C655938005DB7A5 /* Arithmetic.swift */; };
		A70C9A651C655938005DB7A5 /* Auxiliary.swift in Sources */ = {isa = PBXBuildFile; fileRef = A70C9A611C655938005DB7A5 /* Auxiliary.swift */; };
		A70C9A671C655938005DB7A5 /* Power.swift in Sources */ = {isa = PBXBuildFile; fileRef = A70C9A631C655938005DB7A5 /* Power.swift */; };
		A70C9A6B1C655981005DB7A5 /* RFBrowserViewController.swift in Sources */ = {isa = PBXBuildFile; fileRef = A70C9A681C655981005DB7A5 /* RFBrowserViewController.swift */; };
		A70C9A6C1C655981005DB7A5 /* RFDeviceViewController.swift in Sources */ = {isa = PBXBuildFile; fileRef = A70C9A691C655981005DB7A5 /* RFDeviceViewController.swift */; };
		A70C9A6D1C655981005DB7A5 /* RFMapViewController.swift in Sources */ = {isa = PBXBuildFile; fileRef = A70C9A6A1C655981005DB7A5 /* RFMapViewController.swift */; };
		A70C9A751C6559B8005DB7A5 /* Flann.swift in Sources */ = {isa = PBXBuildFile; fileRef = A70C9A6E1C6559B8005DB7A5 /* Flann.swift */; };
		A70C9A761C6559B8005DB7A5 /* IntegratedLocationManager.swift in Sources */ = {isa = PBXBuildFile; fileRef = A70C9A6F1C6559B8005DB7A5 /* IntegratedLocationManager.swift */; };
		A70C9A771C6559B8005DB7A5 /* RFLocationManager.swift in Sources */ = {isa = PBXBuildFile; fileRef = A70C9A701C6559B8005DB7A5 /* RFLocationManager.swift */; };
		A70C9A781C6559B8005DB7A5 /* ParseSampleDatabase.swift in Sources */ = {isa = PBXBuildFile; fileRef = A70C9A711C6559B8005DB7A5 /* ParseSampleDatabase.swift */; };
		A70C9A791C6559B8005DB7A5 /* BluetoothSensorManager.swift in Sources */ = {isa = PBXBuildFile; fileRef = A70C9A721C6559B8005DB7A5 /* BluetoothSensorManager.swift */; };
		A70C9A7A1C6559B8005DB7A5 /* RFTypes.swift in Sources */ = {isa = PBXBuildFile; fileRef = A70C9A731C6559B8005DB7A5 /* RFTypes.swift */; };
		A70C9A7B1C6559B8005DB7A5 /* Serialization.swift in Sources */ = {isa = PBXBuildFile; fileRef = A70C9A741C6559B8005DB7A5 /* Serialization.swift */; };
		A70C9A7E1C6559C3005DB7A5 /* FloorPlanView.swift in Sources */ = {isa = PBXBuildFile; fileRef = A70C9A7C1C6559C3005DB7A5 /* FloorPlanView.swift */; };
		A70C9A7F1C6559C3005DB7A5 /* ViewTypes.swift in Sources */ = {isa = PBXBuildFile; fileRef = A70C9A7D1C6559C3005DB7A5 /* ViewTypes.swift */; };
		A70C9A811C655A69005DB7A5 /* FloorPlan.swift in Sources */ = {isa = PBXBuildFile; fileRef = A70C9A801C655A69005DB7A5 /* FloorPlan.swift */; };
		A70C9A831C655D58005DB7A5 /* Geometry.swift in Sources */ = {isa = PBXBuildFile; fileRef = A70C9A821C655D58005DB7A5 /* Geometry.swift */; };
		A7BED34E1C65655100DAFEDC /* FloorPlan.swift in Sources */ = {isa = PBXBuildFile; fileRef = A70C9A801C655A69005DB7A5 /* FloorPlan.swift */; };
		A7BED34F1C65655500DAFEDC /* Arithmetic.swift in Sources */ = {isa = PBXBuildFile; fileRef = A70C9A601C655938005DB7A5 /* Arithmetic.swift */; };
		A7BED3501C65655500DAFEDC /* Auxiliary.swift in Sources */ = {isa = PBXBuildFile; fileRef = A70C9A611C655938005DB7A5 /* Auxiliary.swift */; };
		A7BED3511C65655500DAFEDC /* Power.swift in Sources */ = {isa = PBXBuildFile; fileRef = A70C9A631C655938005DB7A5 /* Power.swift */; };
		A7BED3521C65657400DAFEDC /* Geometry.swift in Sources */ = {isa = PBXBuildFile; fileRef = A70C9A821C655D58005DB7A5 /* Geometry.swift */; };
		A7BED3531C65658700DAFEDC /* Serialization.swift in Sources */ = {isa = PBXBuildFile; fileRef = A70C9A741C6559B8005DB7A5 /* Serialization.swift */; };
		A7BED3541C6565AE00DAFEDC /* ViewTypes.swift in Sources */ = {isa = PBXBuildFile; fileRef = A70C9A7D1C6559C3005DB7A5 /* ViewTypes.swift */; };
		A7BED3551C6565B400DAFEDC /* Flann.swift in Sources */ = {isa = PBXBuildFile; fileRef = A70C9A6E1C6559B8005DB7A5 /* Flann.swift */; };
		A7BED3561C6565C200DAFEDC /* RFTypes.swift in Sources */ = {isa = PBXBuildFile; fileRef = A70C9A731C6559B8005DB7A5 /* RFTypes.swift */; };
		A7BED3571C65660A00DAFEDC /* FloorPlanView.swift in Sources */ = {isa = PBXBuildFile; fileRef = A70C9A7C1C6559C3005DB7A5 /* FloorPlanView.swift */; };
		A7BED35B1C6594C900DAFEDC /* RFTrainingSampleViewController.swift in Sources */ = {isa = PBXBuildFile; fileRef = A7BED35A1C6594C900DAFEDC /* RFTrainingSampleViewController.swift */; };
		A7E745C01C30FDFE00CC3736 /* Capstone_LocationTests.swift in Sources */ = {isa = PBXBuildFile; fileRef = A7E745BF1C30FDFE00CC3736 /* Capstone_LocationTests.swift */; };
		A7FA31C21C7561B600ECE4CC /* iCloudSampleDatabase.swift in Sources */ = {isa = PBXBuildFile; fileRef = A7FA31C11C7561B600ECE4CC /* iCloudSampleDatabase.swift */; };
/* End PBXBuildFile section */

/* Begin PBXContainerItemProxy section */
		A7E745C21C30FDFE00CC3736 /* PBXContainerItemProxy */ = {
			isa = PBXContainerItemProxy;
			containerPortal = A708A0EE1BF6C16900EE4E2F /* Project object */;
			proxyType = 1;
			remoteGlobalIDString = A708A0F51BF6C16900EE4E2F;
			remoteInfo = "Capstone Location";
		};
/* End PBXContainerItemProxy section */

/* Begin PBXFileReference section */
		0DE9358CAC97EEB0DB504949 /* Pods-Capstone Location.release.xcconfig */ = {isa = PBXFileReference; includeInIndex = 1; lastKnownFileType = text.xcconfig; name = "Pods-Capstone Location.release.xcconfig"; path = "Pods/Target Support Files/Pods-Capstone Location/Pods-Capstone Location.release.xcconfig"; sourceTree = "<group>"; };
		283077300F55079CEA34ED27 /* Pods_Capstone_Location.framework */ = {isa = PBXFileReference; explicitFileType = wrapper.framework; includeInIndex = 0; path = Pods_Capstone_Location.framework; sourceTree = BUILT_PRODUCTS_DIR; };
		2DB4723DBA3CAA174D5CAF84 /* Pods-Capstone Location.debug.xcconfig */ = {isa = PBXFileReference; includeInIndex = 1; lastKnownFileType = text.xcconfig; name = "Pods-Capstone Location.debug.xcconfig"; path = "Pods/Target Support Files/Pods-Capstone Location/Pods-Capstone Location.debug.xcconfig"; sourceTree = "<group>"; };
		A708A0F61BF6C16900EE4E2F /* Capstone Location.app */ = {isa = PBXFileReference; explicitFileType = wrapper.application; includeInIndex = 0; path = "Capstone Location.app"; sourceTree = BUILT_PRODUCTS_DIR; };
		A708A0F91BF6C16900EE4E2F /* AppDelegate.swift */ = {isa = PBXFileReference; lastKnownFileType = sourcecode.swift; path = AppDelegate.swift; sourceTree = "<group>"; };
		A708A0FE1BF6C16900EE4E2F /* Base */ = {isa = PBXFileReference; lastKnownFileType = file.storyboard; name = Base; path = Base.lproj/Main.storyboard; sourceTree = "<group>"; };
		A708A1001BF6C16900EE4E2F /* Assets.xcassets */ = {isa = PBXFileReference; lastKnownFileType = folder.assetcatalog; path = Assets.xcassets; sourceTree = "<group>"; };
		A708A1031BF6C16900EE4E2F /* Base */ = {isa = PBXFileReference; lastKnownFileType = file.storyboard; name = Base; path = Base.lproj/LaunchScreen.storyboard; sourceTree = "<group>"; };
		A708A1051BF6C16900EE4E2F /* Info.plist */ = {isa = PBXFileReference; lastKnownFileType = text.plist.xml; path = Info.plist; sourceTree = "<group>"; };
		A708A10B1BF6C30900EE4E2F /* img-Y13162350-0001.png */ = {isa = PBXFileReference; lastKnownFileType = image.png; name = "img-Y13162350-0001.png"; path = "../../../img-Y13162350-0001.png"; sourceTree = "<group>"; };
		A70C9A601C655938005DB7A5 /* Arithmetic.swift */ = {isa = PBXFileReference; fileEncoding = 4; lastKnownFileType = sourcecode.swift; name = Arithmetic.swift; path = Accelerate/Arithmetic.swift; sourceTree = "<group>"; };
		A70C9A611C655938005DB7A5 /* Auxiliary.swift */ = {isa = PBXFileReference; fileEncoding = 4; lastKnownFileType = sourcecode.swift; name = Auxiliary.swift; path = Accelerate/Auxiliary.swift; sourceTree = "<group>"; };
		A70C9A631C655938005DB7A5 /* Power.swift */ = {isa = PBXFileReference; fileEncoding = 4; lastKnownFileType = sourcecode.swift; name = Power.swift; path = Accelerate/Power.swift; sourceTree = "<group>"; };
		A70C9A681C655981005DB7A5 /* RFBrowserViewController.swift */ = {isa = PBXFileReference; fileEncoding = 4; lastKnownFileType = sourcecode.swift; name = RFBrowserViewController.swift; path = Controller/RFBrowserViewController.swift; sourceTree = "<group>"; };
		A70C9A691C655981005DB7A5 /* RFDeviceViewController.swift */ = {isa = PBXFileReference; fileEncoding = 4; lastKnownFileType = sourcecode.swift; name = RFDeviceViewController.swift; path = Controller/RFDeviceViewController.swift; sourceTree = "<group>"; };
		A70C9A6A1C655981005DB7A5 /* RFMapViewController.swift */ = {isa = PBXFileReference; fileEncoding = 4; lastKnownFileType = sourcecode.swift; name = RFMapViewController.swift; path = Controller/RFMapViewController.swift; sourceTree = "<group>"; };
		A70C9A6E1C6559B8005DB7A5 /* Flann.swift */ = {isa = PBXFileReference; fileEncoding = 4; lastKnownFileType = sourcecode.swift; name = Flann.swift; path = Model/Flann.swift; sourceTree = "<group>"; };
		A70C9A6F1C6559B8005DB7A5 /* IntegratedLocationManager.swift */ = {isa = PBXFileReference; fileEncoding = 4; lastKnownFileType = sourcecode.swift; name = IntegratedLocationManager.swift; path = Model/IntegratedLocationManager.swift; sourceTree = "<group>"; };
		A70C9A701C6559B8005DB7A5 /* RFLocationManager.swift */ = {isa = PBXFileReference; fileEncoding = 4; lastKnownFileType = sourcecode.swift; name = RFLocationManager.swift; path = Model/RFLocationManager.swift; sourceTree = "<group>"; };
		A70C9A711C6559B8005DB7A5 /* ParseSampleDatabase.swift */ = {isa = PBXFileReference; fileEncoding = 4; lastKnownFileType = sourcecode.swift; name = ParseSampleDatabase.swift; path = Model/ParseSampleDatabase.swift; sourceTree = "<group>"; };
		A70C9A721C6559B8005DB7A5 /* BluetoothSensorManager.swift */ = {isa = PBXFileReference; fileEncoding = 4; lastKnownFileType = sourcecode.swift; name = BluetoothSensorManager.swift; path = Model/BluetoothSensorManager.swift; sourceTree = "<group>"; };
		A70C9A731C6559B8005DB7A5 /* RFTypes.swift */ = {isa = PBXFileReference; fileEncoding = 4; lastKnownFileType = sourcecode.swift; name = RFTypes.swift; path = Model/RFTypes.swift; sourceTree = "<group>"; };
		A70C9A741C6559B8005DB7A5 /* Serialization.swift */ = {isa = PBXFileReference; fileEncoding = 4; lastKnownFileType = sourcecode.swift; name = Serialization.swift; path = Model/Serialization.swift; sourceTree = "<group>"; };
		A70C9A7C1C6559C3005DB7A5 /* FloorPlanView.swift */ = {isa = PBXFileReference; fileEncoding = 4; lastKnownFileType = sourcecode.swift; name = FloorPlanView.swift; path = View/FloorPlanView.swift; sourceTree = "<group>"; };
		A70C9A7D1C6559C3005DB7A5 /* ViewTypes.swift */ = {isa = PBXFileReference; fileEncoding = 4; lastKnownFileType = sourcecode.swift; name = ViewTypes.swift; path = View/ViewTypes.swift; sourceTree = "<group>"; };
		A70C9A801C655A69005DB7A5 /* FloorPlan.swift */ = {isa = PBXFileReference; fileEncoding = 4; lastKnownFileType = sourcecode.swift; name = FloorPlan.swift; path = Model/FloorPlan.swift; sourceTree = "<group>"; };
		A70C9A821C655D58005DB7A5 /* Geometry.swift */ = {isa = PBXFileReference; fileEncoding = 4; lastKnownFileType = sourcecode.swift; name = Geometry.swift; path = Model/Geometry.swift; sourceTree = "<group>"; };
		A7BED35A1C6594C900DAFEDC /* RFTrainingSampleViewController.swift */ = {isa = PBXFileReference; fileEncoding = 4; lastKnownFileType = sourcecode.swift; name = RFTrainingSampleViewController.swift; path = Controller/RFTrainingSampleViewController.swift; sourceTree = "<group>"; };
		A7E745BD1C30FDFD00CC3736 /* Capstone LocationTests.xctest */ = {isa = PBXFileReference; explicitFileType = wrapper.cfbundle; includeInIndex = 0; path = "Capstone LocationTests.xctest"; sourceTree = BUILT_PRODUCTS_DIR; };
		A7E745BF1C30FDFE00CC3736 /* Capstone_LocationTests.swift */ = {isa = PBXFileReference; lastKnownFileType = sourcecode.swift; path = Capstone_LocationTests.swift; sourceTree = "<group>"; };
		A7E745C11C30FDFE00CC3736 /* Info.plist */ = {isa = PBXFileReference; lastKnownFileType = text.plist.xml; path = Info.plist; sourceTree = "<group>"; };
		A7FA31C11C7561B600ECE4CC /* iCloudSampleDatabase.swift */ = {isa = PBXFileReference; fileEncoding = 4; lastKnownFileType = sourcecode.swift; path = iCloudSampleDatabase.swift; sourceTree = "<group>"; };
/* End PBXFileReference section */

/* Begin PBXFrameworksBuildPhase section */
		A708A0F31BF6C16900EE4E2F /* Frameworks */ = {
			isa = PBXFrameworksBuildPhase;
			buildActionMask = 2147483647;
			files = (
				6A66D8C51B82462C46357F65 /* Pods_Capstone_Location.framework in Frameworks */,
			);
			runOnlyForDeploymentPostprocessing = 0;
		};
		A7E745BA1C30FDFD00CC3736 /* Frameworks */ = {
			isa = PBXFrameworksBuildPhase;
			buildActionMask = 2147483647;
			files = (
			);
			runOnlyForDeploymentPostprocessing = 0;
		};
/* End PBXFrameworksBuildPhase section */

/* Begin PBXGroup section */
		A23E48A2C95BC299407CB4F8 /* Frameworks */ = {
			isa = PBXGroup;
			children = (
				283077300F55079CEA34ED27 /* Pods_Capstone_Location.framework */,
			);
			name = Frameworks;
			sourceTree = "<group>";
		};
		A708A0ED1BF6C16900EE4E2F = {
			isa = PBXGroup;
			children = (
				A708A0F81BF6C16900EE4E2F /* Capstone Location */,
				A7E745BE1C30FDFE00CC3736 /* Capstone LocationTests */,
				A708A0F71BF6C16900EE4E2F /* Products */,
				A23E48A2C95BC299407CB4F8 /* Frameworks */,
				EC32C5778A7502A00812B732 /* Pods */,
			);
			sourceTree = "<group>";
		};
		A708A0F71BF6C16900EE4E2F /* Products */ = {
			isa = PBXGroup;
			children = (
				A708A0F61BF6C16900EE4E2F /* Capstone Location.app */,
				A7E745BD1C30FDFD00CC3736 /* Capstone LocationTests.xctest */,
			);
			name = Products;
			sourceTree = "<group>";
		};
		A708A0F81BF6C16900EE4E2F /* Capstone Location */ = {
			isa = PBXGroup;
			children = (
				A7B57D541C31D2F80054259F /* Supporting Files */,
				A7B57D531C31D2DD0054259F /* Accelerate */,
				A721F63A1C62FEA500EA812E /* Controller */,
				A721F6391C62FEA000EA812E /* View */,
				A721F6301C601C8F00EA812E /* Model */,
				A708A0FD1BF6C16900EE4E2F /* Main.storyboard */,
				A708A10B1BF6C30900EE4E2F /* img-Y13162350-0001.png */,
				A708A1021BF6C16900EE4E2F /* LaunchScreen.storyboard */,
			);
			path = "Capstone Location";
			sourceTree = "<group>";
		};
		A717EA4C1C66FCA300262579 /* Parse */ = {
			isa = PBXGroup;
			children = (
				A70C9A711C6559B8005DB7A5 /* ParseSampleDatabase.swift */,
				A7FA31C11C7561B600ECE4CC /* iCloudSampleDatabase.swift */,
			);
			name = Parse;
			sourceTree = "<group>";
		};
		A721F6301C601C8F00EA812E /* Model */ = {
			isa = PBXGroup;
			children = (
				A70C9A821C655D58005DB7A5 /* Geometry.swift */,
				A70C9A801C655A69005DB7A5 /* FloorPlan.swift */,
				A70C9A6E1C6559B8005DB7A5 /* Flann.swift */,
				A70C9A6F1C6559B8005DB7A5 /* IntegratedLocationManager.swift */,
				A70C9A701C6559B8005DB7A5 /* RFLocationManager.swift */,
				A70C9A731C6559B8005DB7A5 /* RFTypes.swift */,
				A70C9A721C6559B8005DB7A5 /* BluetoothSensorManager.swift */,
				A70C9A741C6559B8005DB7A5 /* Serialization.swift */,
				A717EA4C1C66FCA300262579 /* Parse */,
			);
			name = Model;
			sourceTree = "<group>";
		};
		A721F6391C62FEA000EA812E /* View */ = {
			isa = PBXGroup;
			children = (
				A70C9A7C1C6559C3005DB7A5 /* FloorPlanView.swift */,
				A70C9A7D1C6559C3005DB7A5 /* ViewTypes.swift */,
			);
			name = View;
			sourceTree = "<group>";
		};
		A721F63A1C62FEA500EA812E /* Controller */ = {
			isa = PBXGroup;
			children = (
				A70C9A6A1C655981005DB7A5 /* RFMapViewController.swift */,
				A7BED35A1C6594C900DAFEDC /* RFTrainingSampleViewController.swift */,
				A70C9A681C655981005DB7A5 /* RFBrowserViewController.swift */,
				A70C9A691C655981005DB7A5 /* RFDeviceViewController.swift */,
			);
			name = Controller;
			sourceTree = "<group>";
		};
		A7B57D531C31D2DD0054259F /* Accelerate */ = {
			isa = PBXGroup;
			children = (
				A70C9A601C655938005DB7A5 /* Arithmetic.swift */,
				A70C9A611C655938005DB7A5 /* Auxiliary.swift */,
				A70C9A631C655938005DB7A5 /* Power.swift */,
			);
			name = Accelerate;
			sourceTree = "<group>";
		};
		A7B57D541C31D2F80054259F /* Supporting Files */ = {
			isa = PBXGroup;
			children = (
				A708A0F91BF6C16900EE4E2F /* AppDelegate.swift */,
				A708A1001BF6C16900EE4E2F /* Assets.xcassets */,
				A708A1051BF6C16900EE4E2F /* Info.plist */,
			);
			name = "Supporting Files";
			sourceTree = "<group>";
		};
		A7E745BE1C30FDFE00CC3736 /* Capstone LocationTests */ = {
			isa = PBXGroup;
			children = (
				A7E745BF1C30FDFE00CC3736 /* Capstone_LocationTests.swift */,
				A7E745C11C30FDFE00CC3736 /* Info.plist */,
			);
			path = "Capstone LocationTests";
			sourceTree = "<group>";
		};
		EC32C5778A7502A00812B732 /* Pods */ = {
			isa = PBXGroup;
			children = (
				2DB4723DBA3CAA174D5CAF84 /* Pods-Capstone Location.debug.xcconfig */,
				0DE9358CAC97EEB0DB504949 /* Pods-Capstone Location.release.xcconfig */,
			);
			name = Pods;
			sourceTree = "<group>";
		};
/* End PBXGroup section */

/* Begin PBXNativeTarget section */
		A708A0F51BF6C16900EE4E2F /* Capstone Location */ = {
			isa = PBXNativeTarget;
			buildConfigurationList = A708A1081BF6C16900EE4E2F /* Build configuration list for PBXNativeTarget "Capstone Location" */;
			buildPhases = (
				1B4198096D04D9544226281B /* Check Pods Manifest.lock */,
				A708A0F21BF6C16900EE4E2F /* Sources */,
				A708A0F31BF6C16900EE4E2F /* Frameworks */,
				A708A0F41BF6C16900EE4E2F /* Resources */,
				977E1DEA79E3D25CAA7C9492 /* Embed Pods Frameworks */,
				DCB5CD9566D34B8EC286AC9B /* Copy Pods Resources */,
			);
			buildRules = (
			);
			dependencies = (
			);
			name = "Capstone Location";
			productName = "Capstone Location";
			productReference = A708A0F61BF6C16900EE4E2F /* Capstone Location.app */;
			productType = "com.apple.product-type.application";
		};
		A7E745BC1C30FDFD00CC3736 /* Capstone LocationTests */ = {
			isa = PBXNativeTarget;
			buildConfigurationList = A7E745C61C30FDFE00CC3736 /* Build configuration list for PBXNativeTarget "Capstone LocationTests" */;
			buildPhases = (
				A7E745B91C30FDFD00CC3736 /* Sources */,
				A7E745BA1C30FDFD00CC3736 /* Frameworks */,
				A7E745BB1C30FDFD00CC3736 /* Resources */,
			);
			buildRules = (
			);
			dependencies = (
				A7E745C31C30FDFE00CC3736 /* PBXTargetDependency */,
			);
			name = "Capstone LocationTests";
			productName = "Capstone LocationTests";
			productReference = A7E745BD1C30FDFD00CC3736 /* Capstone LocationTests.xctest */;
			productType = "com.apple.product-type.bundle.unit-test";
		};
/* End PBXNativeTarget section */

/* Begin PBXProject section */
		A708A0EE1BF6C16900EE4E2F /* Project object */ = {
			isa = PBXProject;
			attributes = {
				LastSwiftUpdateCheck = 0720;
				LastUpgradeCheck = 0720;
				ORGANIZATIONNAME = "Kyle Bailey";
				TargetAttributes = {
					A708A0F51BF6C16900EE4E2F = {
						CreatedOnToolsVersion = 7.1;
						DevelopmentTeam = 43YR78874Z;
					};
					A7E745BC1C30FDFD00CC3736 = {
						CreatedOnToolsVersion = 7.2;
						TestTargetID = A708A0F51BF6C16900EE4E2F;
					};
				};
			};
			buildConfigurationList = A708A0F11BF6C16900EE4E2F /* Build configuration list for PBXProject "Capstone Location" */;
			compatibilityVersion = "Xcode 3.2";
			developmentRegion = English;
			hasScannedForEncodings = 0;
			knownRegions = (
				en,
				Base,
			);
			mainGroup = A708A0ED1BF6C16900EE4E2F;
			productRefGroup = A708A0F71BF6C16900EE4E2F /* Products */;
			projectDirPath = "";
			projectRoot = "";
			targets = (
				A708A0F51BF6C16900EE4E2F /* Capstone Location */,
				A7E745BC1C30FDFD00CC3736 /* Capstone LocationTests */,
			);
		};
/* End PBXProject section */

/* Begin PBXResourcesBuildPhase section */
		A708A0F41BF6C16900EE4E2F /* Resources */ = {
			isa = PBXResourcesBuildPhase;
			buildActionMask = 2147483647;
			files = (
				A708A1041BF6C16900EE4E2F /* LaunchScreen.storyboard in Resources */,
				A708A1011BF6C16900EE4E2F /* Assets.xcassets in Resources */,
				A708A0FF1BF6C16900EE4E2F /* Main.storyboard in Resources */,
				A708A10C1BF6C30900EE4E2F /* img-Y13162350-0001.png in Resources */,
			);
			runOnlyForDeploymentPostprocessing = 0;
		};
		A7E745BB1C30FDFD00CC3736 /* Resources */ = {
			isa = PBXResourcesBuildPhase;
			buildActionMask = 2147483647;
			files = (
			);
			runOnlyForDeploymentPostprocessing = 0;
		};
/* End PBXResourcesBuildPhase section */

/* Begin PBXShellScriptBuildPhase section */
		1B4198096D04D9544226281B /* Check Pods Manifest.lock */ = {
			isa = PBXShellScriptBuildPhase;
			buildActionMask = 2147483647;
			files = (
			);
			inputPaths = (
			);
			name = "Check Pods Manifest.lock";
			outputPaths = (
			);
			runOnlyForDeploymentPostprocessing = 0;
			shellPath = /bin/sh;
			shellScript = "diff \"${PODS_ROOT}/../Podfile.lock\" \"${PODS_ROOT}/Manifest.lock\" > /dev/null\nif [[ $? != 0 ]] ; then\n    cat << EOM\nerror: The sandbox is not in sync with the Podfile.lock. Run 'pod install' or update your CocoaPods installation.\nEOM\n    exit 1\nfi\n";
			showEnvVarsInLog = 0;
		};
		977E1DEA79E3D25CAA7C9492 /* Embed Pods Frameworks */ = {
			isa = PBXShellScriptBuildPhase;
			buildActionMask = 2147483647;
			files = (
			);
			inputPaths = (
			);
			name = "Embed Pods Frameworks";
			outputPaths = (
			);
			runOnlyForDeploymentPostprocessing = 0;
			shellPath = /bin/sh;
			shellScript = "\"${SRCROOT}/Pods/Target Support Files/Pods-Capstone Location/Pods-Capstone Location-frameworks.sh\"\n";
			showEnvVarsInLog = 0;
		};
		DCB5CD9566D34B8EC286AC9B /* Copy Pods Resources */ = {
			isa = PBXShellScriptBuildPhase;
			buildActionMask = 2147483647;
			files = (
			);
			inputPaths = (
			);
			name = "Copy Pods Resources";
			outputPaths = (
			);
			runOnlyForDeploymentPostprocessing = 0;
			shellPath = /bin/sh;
			shellScript = "\"${SRCROOT}/Pods/Target Support Files/Pods-Capstone Location/Pods-Capstone Location-resources.sh\"\n";
			showEnvVarsInLog = 0;
		};
/* End PBXShellScriptBuildPhase section */

/* Begin PBXSourcesBuildPhase section */
		A708A0F21BF6C16900EE4E2F /* Sources */ = {
			isa = PBXSourcesBuildPhase;
			buildActionMask = 2147483647;
			files = (
				A70C9A6C1C655981005DB7A5 /* RFDeviceViewController.swift in Sources */,
				A70C9A641C655938005DB7A5 /* Arithmetic.swift in Sources */,
				A70C9A751C6559B8005DB7A5 /* Flann.swift in Sources */,
				A70C9A651C655938005DB7A5 /* Auxiliary.swift in Sources */,
				A70C9A7A1C6559B8005DB7A5 /* RFTypes.swift in Sources */,
				A70C9A7E1C6559C3005DB7A5 /* FloorPlanView.swift in Sources */,
				A7FA31C21C7561B600ECE4CC /* iCloudSampleDatabase.swift in Sources */,
				A70C9A771C6559B8005DB7A5 /* RFLocationManager.swift in Sources */,
				A70C9A831C655D58005DB7A5 /* Geometry.swift in Sources */,
				A70C9A761C6559B8005DB7A5 /* IntegratedLocationManager.swift in Sources */,
				A70C9A6B1C655981005DB7A5 /* RFBrowserViewController.swift in Sources */,
				A70C9A671C655938005DB7A5 /* Power.swift in Sources */,
				A708A0FA1BF6C16900EE4E2F /* AppDelegate.swift in Sources */,
				A70C9A7F1C6559C3005DB7A5 /* ViewTypes.swift in Sources */,
				A70C9A811C655A69005DB7A5 /* FloorPlan.swift in Sources */,
				A7BED35B1C6594C900DAFEDC /* RFTrainingSampleViewController.swift in Sources */,
				A70C9A6D1C655981005DB7A5 /* RFMapViewController.swift in Sources */,
				A70C9A781C6559B8005DB7A5 /* ParseSampleDatabase.swift in Sources */,
				A70C9A791C6559B8005DB7A5 /* BluetoothSensorManager.swift in Sources */,
				A70C9A7B1C6559B8005DB7A5 /* Serialization.swift in Sources */,
			);
			runOnlyForDeploymentPostprocessing = 0;
		};
		A7E745B91C30FDFD00CC3736 /* Sources */ = {
			isa = PBXSourcesBuildPhase;
			buildActionMask = 2147483647;
			files = (
				A7BED34F1C65655500DAFEDC /* Arithmetic.swift in Sources */,
				A7BED3521C65657400DAFEDC /* Geometry.swift in Sources */,
				A7BED3571C65660A00DAFEDC /* FloorPlanView.swift in Sources */,
				A7BED3541C6565AE00DAFEDC /* ViewTypes.swift in Sources */,
				A7BED3531C65658700DAFEDC /* Serialization.swift in Sources */,
				A7E745C01C30FDFE00CC3736 /* Capstone_LocationTests.swift in Sources */,
				A7BED3551C6565B400DAFEDC /* Flann.swift in Sources */,
				A7BED3511C65655500DAFEDC /* Power.swift in Sources */,
				A7BED3501C65655500DAFEDC /* Auxiliary.swift in Sources */,
				A7BED34E1C65655100DAFEDC /* FloorPlan.swift in Sources */,
				A7BED3561C6565C200DAFEDC /* RFTypes.swift in Sources */,
			);
			runOnlyForDeploymentPostprocessing = 0;
		};
/* End PBXSourcesBuildPhase section */

/* Begin PBXTargetDependency section */
		A7E745C31C30FDFE00CC3736 /* PBXTargetDependency */ = {
			isa = PBXTargetDependency;
			target = A708A0F51BF6C16900EE4E2F /* Capstone Location */;
			targetProxy = A7E745C21C30FDFE00CC3736 /* PBXContainerItemProxy */;
		};
/* End PBXTargetDependency section */

/* Begin PBXVariantGroup section */
		A708A0FD1BF6C16900EE4E2F /* Main.storyboard */ = {
			isa = PBXVariantGroup;
			children = (
				A708A0FE1BF6C16900EE4E2F /* Base */,
			);
			name = Main.storyboard;
			sourceTree = "<group>";
		};
		A708A1021BF6C16900EE4E2F /* LaunchScreen.storyboard */ = {
			isa = PBXVariantGroup;
			children = (
				A708A1031BF6C16900EE4E2F /* Base */,
			);
			name = LaunchScreen.storyboard;
			sourceTree = "<group>";
		};
/* End PBXVariantGroup section */

/* Begin XCBuildConfiguration section */
		A708A1061BF6C16900EE4E2F /* Debug */ = {
			isa = XCBuildConfiguration;
			buildSettings = {
				ALWAYS_SEARCH_USER_PATHS = NO;
				CLANG_ENABLE_MODULES = YES;
				CLANG_ENABLE_OBJC_ARC = YES;
				CLANG_WARN_BOOL_CONVERSION = YES;
				CLANG_WARN_CONSTANT_CONVERSION = YES;
				CLANG_WARN_DIRECT_OBJC_ISA_USAGE = YES_ERROR;
				CLANG_WARN_EMPTY_BODY = YES;
				CLANG_WARN_ENUM_CONVERSION = YES;
				CLANG_WARN_INT_CONVERSION = YES;
				CLANG_WARN_OBJC_ROOT_CLASS = YES_ERROR;
				CLANG_WARN_UNREACHABLE_CODE = YES;
				CLANG_WARN__DUPLICATE_METHOD_MATCH = YES;
				"CODE_SIGN_IDENTITY[sdk=iphoneos*]" = "iPhone Developer";
				COPY_PHASE_STRIP = NO;
				DEBUG_INFORMATION_FORMAT = dwarf;
				ENABLE_STRICT_OBJC_MSGSEND = YES;
				ENABLE_TESTABILITY = YES;
				GCC_DYNAMIC_NO_PIC = NO;
				GCC_NO_COMMON_BLOCKS = YES;
				GCC_OPTIMIZATION_LEVEL = 0;
				GCC_PREPROCESSOR_DEFINITIONS = (
					"DEBUG=1",
					"$(inherited)",
				);
				GCC_WARN_64_TO_32_BIT_CONVERSION = YES;
				GCC_WARN_ABOUT_RETURN_TYPE = YES_ERROR;
				GCC_WARN_UNDECLARED_SELECTOR = YES;
				GCC_WARN_UNINITIALIZED_AUTOS = YES_AGGRESSIVE;
				GCC_WARN_UNUSED_FUNCTION = YES;
				GCC_WARN_UNUSED_VARIABLE = YES;
				HEADER_SEARCH_PATHS = "\"$(SRCROOT)/Flann\"";
				MTL_ENABLE_DEBUG_INFO = YES;
				ONLY_ACTIVE_ARCH = YES;
				SDKROOT = iphoneos;
				SUPPORTED_PLATFORMS = "iphonesimulator iphoneos";
				SWIFT_OPTIMIZATION_LEVEL = "-Onone";
				TARGETED_DEVICE_FAMILY = "1,2";
			};
			name = Debug;
		};
		A708A1071BF6C16900EE4E2F /* Release */ = {
			isa = XCBuildConfiguration;
			buildSettings = {
				ALWAYS_SEARCH_USER_PATHS = NO;
				CLANG_ENABLE_MODULES = YES;
				CLANG_ENABLE_OBJC_ARC = YES;
				CLANG_WARN_BOOL_CONVERSION = YES;
				CLANG_WARN_CONSTANT_CONVERSION = YES;
				CLANG_WARN_DIRECT_OBJC_ISA_USAGE = YES_ERROR;
				CLANG_WARN_EMPTY_BODY = YES;
				CLANG_WARN_ENUM_CONVERSION = YES;
				CLANG_WARN_INT_CONVERSION = YES;
				CLANG_WARN_OBJC_ROOT_CLASS = YES_ERROR;
				CLANG_WARN_UNREACHABLE_CODE = YES;
				CLANG_WARN__DUPLICATE_METHOD_MATCH = YES;
				"CODE_SIGN_IDENTITY[sdk=iphoneos*]" = "iPhone Developer";
				COPY_PHASE_STRIP = NO;
				DEBUG_INFORMATION_FORMAT = "dwarf-with-dsym";
				ENABLE_NS_ASSERTIONS = NO;
				ENABLE_STRICT_OBJC_MSGSEND = YES;
				GCC_NO_COMMON_BLOCKS = YES;
				GCC_WARN_64_TO_32_BIT_CONVERSION = YES;
				GCC_WARN_ABOUT_RETURN_TYPE = YES_ERROR;
				GCC_WARN_UNDECLARED_SELECTOR = YES;
				GCC_WARN_UNINITIALIZED_AUTOS = YES_AGGRESSIVE;
				GCC_WARN_UNUSED_FUNCTION = YES;
				GCC_WARN_UNUSED_VARIABLE = YES;
				HEADER_SEARCH_PATHS = "\"$(SRCROOT)/Flann\"";
				MTL_ENABLE_DEBUG_INFO = NO;
				SDKROOT = iphoneos;
				SUPPORTED_PLATFORMS = "iphonesimulator iphoneos";
				TARGETED_DEVICE_FAMILY = "1,2";
				VALIDATE_PRODUCT = YES;
			};
			name = Release;
		};
		A708A1091BF6C16900EE4E2F /* Debug */ = {
			isa = XCBuildConfiguration;
			baseConfigurationReference = 2DB4723DBA3CAA174D5CAF84 /* Pods-Capstone Location.debug.xcconfig */;
			buildSettings = {
				ASSETCATALOG_COMPILER_APPICON_NAME = AppIcon;
				CODE_SIGN_IDENTITY = "iPhone Developer";
				"CODE_SIGN_IDENTITY[sdk=iphoneos*]" = "iPhone Developer";
				HEADER_SEARCH_PATHS = "\"$(SRCROOT)/Flann\"";
				INFOPLIST_FILE = "Capstone Location/Info.plist";
				LD_RUNPATH_SEARCH_PATHS = "$(inherited) @executable_path/Frameworks";
				ONLY_ACTIVE_ARCH = NO;
				PRODUCT_BUNDLE_IDENTIFIER = "Kyle-Bailey.Capstone-Location";
				PRODUCT_NAME = "$(TARGET_NAME)";
				PROVISIONING_PROFILE = "";
			};
			name = Debug;
		};
		A708A10A1BF6C16900EE4E2F /* Release */ = {
			isa = XCBuildConfiguration;
			baseConfigurationReference = 0DE9358CAC97EEB0DB504949 /* Pods-Capstone Location.release.xcconfig */;
			buildSettings = {
				ASSETCATALOG_COMPILER_APPICON_NAME = AppIcon;
				CODE_SIGN_IDENTITY = "iPhone Developer";
				"CODE_SIGN_IDENTITY[sdk=iphoneos*]" = "iPhone Developer";
				HEADER_SEARCH_PATHS = "\"$(SRCROOT)/Flann\"";
				INFOPLIST_FILE = "Capstone Location/Info.plist";
				LD_RUNPATH_SEARCH_PATHS = "$(inherited) @executable_path/Frameworks";
				ONLY_ACTIVE_ARCH = NO;
				PRODUCT_BUNDLE_IDENTIFIER = "Kyle-Bailey.Capstone-Location";
				PRODUCT_NAME = "$(TARGET_NAME)";
				PROVISIONING_PROFILE = "";
			};
			name = Release;
		};
		A7E745C41C30FDFE00CC3736 /* Debug */ = {
			isa = XCBuildConfiguration;
			buildSettings = {
				BUNDLE_LOADER = "$(TEST_HOST)";
				CLANG_CXX_LANGUAGE_STANDARD = "gnu++0x";
				CLANG_CXX_LIBRARY = "libc++";
				GCC_C_LANGUAGE_STANDARD = gnu99;
				INFOPLIST_FILE = "Capstone LocationTests/Info.plist";
				IPHONEOS_DEPLOYMENT_TARGET = 9.2;
				LD_RUNPATH_SEARCH_PATHS = "$(inherited) @executable_path/Frameworks @loader_path/Frameworks";
				ONLY_ACTIVE_ARCH = YES;
				PRODUCT_BUNDLE_IDENTIFIER = "Kyle-Bailey.Capstone-LocationTests";
				PRODUCT_NAME = "$(TARGET_NAME)";
				TEST_HOST = "$(BUILT_PRODUCTS_DIR)/Capstone Location.app/Capstone Location";
			};
			name = Debug;
		};
		A7E745C51C30FDFE00CC3736 /* Release */ = {
			isa = XCBuildConfiguration;
			buildSettings = {
				BUNDLE_LOADER = "$(TEST_HOST)";
				CLANG_CXX_LANGUAGE_STANDARD = "gnu++0x";
				CLANG_CXX_LIBRARY = "libc++";
				GCC_C_LANGUAGE_STANDARD = gnu99;
				INFOPLIST_FILE = "Capstone LocationTests/Info.plist";
				IPHONEOS_DEPLOYMENT_TARGET = 9.2;
				LD_RUNPATH_SEARCH_PATHS = "$(inherited) @executable_path/Frameworks @loader_path/Frameworks";
				PRODUCT_BUNDLE_IDENTIFIER = "Kyle-Bailey.Capstone-LocationTests";
				PRODUCT_NAME = "$(TARGET_NAME)";
				TEST_HOST = "$(BUILT_PRODUCTS_DIR)/Capstone Location.app/Capstone Location";
			};
			name = Release;
		};
/* End XCBuildConfiguration section */

/* Begin XCConfigurationList section */
		A708A0F11BF6C16900EE4E2F /* Build configuration list for PBXProject "Capstone Location" */ = {
			isa = XCConfigurationList;
			buildConfigurations = (
				A708A1061BF6C16900EE4E2F /* Debug */,
				A708A1071BF6C16900EE4E2F /* Release */,
			);
			defaultConfigurationIsVisible = 0;
			defaultConfigurationName = Release;
		};
		A708A1081BF6C16900EE4E2F /* Build configuration list for PBXNativeTarget "Capstone Location" */ = {
			isa = XCConfigurationList;
			buildConfigurations = (
				A708A1091BF6C16900EE4E2F /* Debug */,
				A708A10A1BF6C16900EE4E2F /* Release */,
			);
			defaultConfigurationIsVisible = 0;
			defaultConfigurationName = Release;
		};
		A7E745C61C30FDFE00CC3736 /* Build configuration list for PBXNativeTarget "Capstone LocationTests" */ = {
			isa = XCConfigurationList;
			buildConfigurations = (
				A7E745C41C30FDFE00CC3736 /* Debug */,
				A7E745C51C30FDFE00CC3736 /* Release */,
			);
			defaultConfigurationIsVisible = 0;
			defaultConfigurationName = Release;
		};
/* End XCConfigurationList section */
	};
	rootObject = A708A0EE1BF6C16900EE4E2F /* Project object */;
}
